// !$*UTF8*$!
{
	archiveVersion = 1;
	classes = {
	};
	objectVersion = 50;
	objects = {

/* Begin PBXBuildFile section */
		6083AB1CC334846CDB65ED19 /* Pods_Parlour.framework in Frameworks */ = {isa = PBXBuildFile; fileRef = 56BF9C30FEDC5BB58D5769A0 /* Pods_Parlour.framework */; };
		6828C78821AFC75E00BE14CC /* Message.swift in Sources */ = {isa = PBXBuildFile; fileRef = 6828C78721AFC75E00BE14CC /* Message.swift */; };
		6828C78F21AFE53000BE14CC /* GoogleService-Info.plist in Resources */ = {isa = PBXBuildFile; fileRef = 6828C78E21AFE53000BE14CC /* GoogleService-Info.plist */; };
		6828C79221B1159600BE14CC /* ParlourViewController.swift in Sources */ = {isa = PBXBuildFile; fileRef = 6828C79121B1159600BE14CC /* ParlourViewController.swift */; };
		6828C79421B12E6B00BE14CC /* YouTubeVideoQuality.swift in Sources */ = {isa = PBXBuildFile; fileRef = 6828C79321B12E6B00BE14CC /* YouTubeVideoQuality.swift */; };
		6828C79B21B4E5CC00BE14CC /* VideoMainCollectionViewCell.swift in Sources */ = {isa = PBXBuildFile; fileRef = 6828C79921B4E5CB00BE14CC /* VideoMainCollectionViewCell.swift */; };
		6828C79C21B4E5CC00BE14CC /* VideoMainCollectionViewCell.xib in Resources */ = {isa = PBXBuildFile; fileRef = 6828C79A21B4E5CB00BE14CC /* VideoMainCollectionViewCell.xib */; };
		6828C79E21B502E500BE14CC /* ChatRoomViewController.swift in Sources */ = {isa = PBXBuildFile; fileRef = 6828C79D21B502E500BE14CC /* ChatRoomViewController.swift */; };
		6828C7A421B64E2B00BE14CC /* UICollectionView+Additions.swift in Sources */ = {isa = PBXBuildFile; fileRef = 6828C7A321B64E2A00BE14CC /* UICollectionView+Additions.swift */; };
		6828C7A621B677A900BE14CC /* ChatViewController.swift in Sources */ = {isa = PBXBuildFile; fileRef = 6828C7A521B677A900BE14CC /* ChatViewController.swift */; };
		6828C7AA21B84BE500BE14CC /* Channel.swift in Sources */ = {isa = PBXBuildFile; fileRef = 6828C7A921B84BE500BE14CC /* Channel.swift */; };
		6828C7AC21BD341600BE14CC /* MyChatViewController.swift in Sources */ = {isa = PBXBuildFile; fileRef = 6828C7AB21BD341600BE14CC /* MyChatViewController.swift */; };
		6828C7AF21BE6EF900BE14CC /* Video.swift in Sources */ = {isa = PBXBuildFile; fileRef = 6828C7AE21BE6EF900BE14CC /* Video.swift */; };
		6828C7B121BF942E00BE14CC /* ErrorHandle.swift in Sources */ = {isa = PBXBuildFile; fileRef = 6828C7B021BF942E00BE14CC /* ErrorHandle.swift */; };
		6828C7B321BF975500BE14CC /* UserManager.swift in Sources */ = {isa = PBXBuildFile; fileRef = 6828C7B221BF975500BE14CC /* UserManager.swift */; };
		6828C7B721C0C51100BE14CC /* HomePageTableViewController.swift in Sources */ = {isa = PBXBuildFile; fileRef = 6828C7B621C0C51100BE14CC /* HomePageTableViewController.swift */; };
		6828C7BB21C0C61D00BE14CC /* MainVideoTableViewCell.swift in Sources */ = {isa = PBXBuildFile; fileRef = 6828C7B921C0C61D00BE14CC /* MainVideoTableViewCell.swift */; };
		6828C7BC21C0C61D00BE14CC /* MainVideoTableViewCell.xib in Resources */ = {isa = PBXBuildFile; fileRef = 6828C7BA21C0C61D00BE14CC /* MainVideoTableViewCell.xib */; };
		6828C7BE21C0E49400BE14CC /* VideoManager.swift in Sources */ = {isa = PBXBuildFile; fileRef = 6828C7BD21C0E49400BE14CC /* VideoManager.swift */; };
		6828C7C021C0F7A800BE14CC /* VideoControl.swift in Sources */ = {isa = PBXBuildFile; fileRef = 6828C7BF21C0F7A800BE14CC /* VideoControl.swift */; };
		6828C7C321C11C6500BE14CC /* PopularVideoTableViewCell.swift in Sources */ = {isa = PBXBuildFile; fileRef = 6828C7C121C11C6500BE14CC /* PopularVideoTableViewCell.swift */; };
		6828C7C421C11C6500BE14CC /* PopularVideoTableViewCell.xib in Resources */ = {isa = PBXBuildFile; fileRef = 6828C7C221C11C6500BE14CC /* PopularVideoTableViewCell.xib */; };
		6828C7C721C15A3100BE14CC /* PopularVideoCollectionViewCell.swift in Sources */ = {isa = PBXBuildFile; fileRef = 6828C7C521C15A3100BE14CC /* PopularVideoCollectionViewCell.swift */; };
		6828C7C821C15A3100BE14CC /* PopularVideoCollectionViewCell.xib in Resources */ = {isa = PBXBuildFile; fileRef = 6828C7C621C15A3100BE14CC /* PopularVideoCollectionViewCell.xib */; };
		6854832521C2D89300C6FC0A /* VideoPlayTableViewController.swift in Sources */ = {isa = PBXBuildFile; fileRef = 6854832421C2D89300C6FC0A /* VideoPlayTableViewController.swift */; };
		6854832821C2E20F00C6FC0A /* VideoPlayTableViewCell.swift in Sources */ = {isa = PBXBuildFile; fileRef = 6854832621C2E20F00C6FC0A /* VideoPlayTableViewCell.swift */; };
		6854832921C2E20F00C6FC0A /* VideoPlayTableViewCell.xib in Resources */ = {isa = PBXBuildFile; fileRef = 6854832721C2E20F00C6FC0A /* VideoPlayTableViewCell.xib */; };
		68D756D821AD4E15005C0A5B /* AppDelegate.swift in Sources */ = {isa = PBXBuildFile; fileRef = 68D756D721AD4E15005C0A5B /* AppDelegate.swift */; };
		68D756DA21AD4E15005C0A5B /* LoginViewController.swift in Sources */ = {isa = PBXBuildFile; fileRef = 68D756D921AD4E15005C0A5B /* LoginViewController.swift */; };
		68D756DD21AD4E15005C0A5B /* Main.storyboard in Resources */ = {isa = PBXBuildFile; fileRef = 68D756DB21AD4E15005C0A5B /* Main.storyboard */; };
		68D756DF21AD4E16005C0A5B /* Assets.xcassets in Resources */ = {isa = PBXBuildFile; fileRef = 68D756DE21AD4E16005C0A5B /* Assets.xcassets */; };
		68D756E221AD4E16005C0A5B /* LaunchScreen.storyboard in Resources */ = {isa = PBXBuildFile; fileRef = 68D756E021AD4E16005C0A5B /* LaunchScreen.storyboard */; };
		68D756ED21AD56CE005C0A5B /* User.swift in Sources */ = {isa = PBXBuildFile; fileRef = 68D756EC21AD56CE005C0A5B /* User.swift */; };
		68D756EF21AD8A81005C0A5B /* SignUpViewController.swift in Sources */ = {isa = PBXBuildFile; fileRef = 68D756EE21AD8A81005C0A5B /* SignUpViewController.swift */; };
		68D756F121AD9D61005C0A5B /* ResetPasswordViewController.swift in Sources */ = {isa = PBXBuildFile; fileRef = 68D756F021AD9D61005C0A5B /* ResetPasswordViewController.swift */; };
/* End PBXBuildFile section */

/* Begin PBXFileReference section */
		2DB410208F97761A4ED92513 /* Pods-Parlour.debug.xcconfig */ = {isa = PBXFileReference; includeInIndex = 1; lastKnownFileType = text.xcconfig; name = "Pods-Parlour.debug.xcconfig"; path = "Pods/Target Support Files/Pods-Parlour/Pods-Parlour.debug.xcconfig"; sourceTree = "<group>"; };
		56BF9C30FEDC5BB58D5769A0 /* Pods_Parlour.framework */ = {isa = PBXFileReference; explicitFileType = wrapper.framework; includeInIndex = 0; path = Pods_Parlour.framework; sourceTree = BUILT_PRODUCTS_DIR; };
		6828C78721AFC75E00BE14CC /* Message.swift */ = {isa = PBXFileReference; lastKnownFileType = sourcecode.swift; path = Message.swift; sourceTree = "<group>"; };
		6828C78E21AFE53000BE14CC /* GoogleService-Info.plist */ = {isa = PBXFileReference; fileEncoding = 4; lastKnownFileType = text.plist.xml; path = "GoogleService-Info.plist"; sourceTree = "<group>"; };
		6828C79121B1159600BE14CC /* ParlourViewController.swift */ = {isa = PBXFileReference; lastKnownFileType = sourcecode.swift; path = ParlourViewController.swift; sourceTree = "<group>"; };
		6828C79321B12E6B00BE14CC /* YouTubeVideoQuality.swift */ = {isa = PBXFileReference; lastKnownFileType = sourcecode.swift; path = YouTubeVideoQuality.swift; sourceTree = "<group>"; };
		6828C79921B4E5CB00BE14CC /* VideoMainCollectionViewCell.swift */ = {isa = PBXFileReference; lastKnownFileType = sourcecode.swift; path = VideoMainCollectionViewCell.swift; sourceTree = "<group>"; };
		6828C79A21B4E5CB00BE14CC /* VideoMainCollectionViewCell.xib */ = {isa = PBXFileReference; lastKnownFileType = file.xib; path = VideoMainCollectionViewCell.xib; sourceTree = "<group>"; };
		6828C79D21B502E500BE14CC /* ChatRoomViewController.swift */ = {isa = PBXFileReference; lastKnownFileType = sourcecode.swift; path = ChatRoomViewController.swift; sourceTree = "<group>"; };
		6828C7A321B64E2A00BE14CC /* UICollectionView+Additions.swift */ = {isa = PBXFileReference; lastKnownFileType = sourcecode.swift; path = "UICollectionView+Additions.swift"; sourceTree = "<group>"; };
		6828C7A521B677A900BE14CC /* ChatViewController.swift */ = {isa = PBXFileReference; lastKnownFileType = sourcecode.swift; path = ChatViewController.swift; sourceTree = "<group>"; };
		6828C7A921B84BE500BE14CC /* Channel.swift */ = {isa = PBXFileReference; lastKnownFileType = sourcecode.swift; path = Channel.swift; sourceTree = "<group>"; };
		6828C7AB21BD341600BE14CC /* MyChatViewController.swift */ = {isa = PBXFileReference; lastKnownFileType = sourcecode.swift; path = MyChatViewController.swift; sourceTree = "<group>"; };
		6828C7AE21BE6EF900BE14CC /* Video.swift */ = {isa = PBXFileReference; lastKnownFileType = sourcecode.swift; path = Video.swift; sourceTree = "<group>"; };
		6828C7B021BF942E00BE14CC /* ErrorHandle.swift */ = {isa = PBXFileReference; lastKnownFileType = sourcecode.swift; path = ErrorHandle.swift; sourceTree = "<group>"; };
		6828C7B221BF975500BE14CC /* UserManager.swift */ = {isa = PBXFileReference; lastKnownFileType = sourcecode.swift; path = UserManager.swift; sourceTree = "<group>"; };
		6828C7B621C0C51100BE14CC /* HomePageTableViewController.swift */ = {isa = PBXFileReference; lastKnownFileType = sourcecode.swift; path = HomePageTableViewController.swift; sourceTree = "<group>"; };
		6828C7B921C0C61D00BE14CC /* MainVideoTableViewCell.swift */ = {isa = PBXFileReference; lastKnownFileType = sourcecode.swift; path = MainVideoTableViewCell.swift; sourceTree = "<group>"; };
		6828C7BA21C0C61D00BE14CC /* MainVideoTableViewCell.xib */ = {isa = PBXFileReference; lastKnownFileType = file.xib; path = MainVideoTableViewCell.xib; sourceTree = "<group>"; };
		6828C7BD21C0E49400BE14CC /* VideoManager.swift */ = {isa = PBXFileReference; lastKnownFileType = sourcecode.swift; path = VideoManager.swift; sourceTree = "<group>"; };
		6828C7BF21C0F7A800BE14CC /* VideoControl.swift */ = {isa = PBXFileReference; lastKnownFileType = sourcecode.swift; path = VideoControl.swift; sourceTree = "<group>"; };
		6828C7C121C11C6500BE14CC /* PopularVideoTableViewCell.swift */ = {isa = PBXFileReference; lastKnownFileType = sourcecode.swift; path = PopularVideoTableViewCell.swift; sourceTree = "<group>"; };
		6828C7C221C11C6500BE14CC /* PopularVideoTableViewCell.xib */ = {isa = PBXFileReference; lastKnownFileType = file.xib; path = PopularVideoTableViewCell.xib; sourceTree = "<group>"; };
		6828C7C521C15A3100BE14CC /* PopularVideoCollectionViewCell.swift */ = {isa = PBXFileReference; lastKnownFileType = sourcecode.swift; path = PopularVideoCollectionViewCell.swift; sourceTree = "<group>"; };
		6828C7C621C15A3100BE14CC /* PopularVideoCollectionViewCell.xib */ = {isa = PBXFileReference; lastKnownFileType = file.xib; path = PopularVideoCollectionViewCell.xib; sourceTree = "<group>"; };
		6854832421C2D89300C6FC0A /* VideoPlayTableViewController.swift */ = {isa = PBXFileReference; lastKnownFileType = sourcecode.swift; path = VideoPlayTableViewController.swift; sourceTree = "<group>"; };
		6854832621C2E20F00C6FC0A /* VideoPlayTableViewCell.swift */ = {isa = PBXFileReference; lastKnownFileType = sourcecode.swift; path = VideoPlayTableViewCell.swift; sourceTree = "<group>"; };
		6854832721C2E20F00C6FC0A /* VideoPlayTableViewCell.xib */ = {isa = PBXFileReference; lastKnownFileType = file.xib; path = VideoPlayTableViewCell.xib; sourceTree = "<group>"; };
		68D756D421AD4E15005C0A5B /* Parlour.app */ = {isa = PBXFileReference; explicitFileType = wrapper.application; includeInIndex = 0; path = Parlour.app; sourceTree = BUILT_PRODUCTS_DIR; };
		68D756D721AD4E15005C0A5B /* AppDelegate.swift */ = {isa = PBXFileReference; lastKnownFileType = sourcecode.swift; path = AppDelegate.swift; sourceTree = "<group>"; };
		68D756D921AD4E15005C0A5B /* LoginViewController.swift */ = {isa = PBXFileReference; lastKnownFileType = sourcecode.swift; path = LoginViewController.swift; sourceTree = "<group>"; };
		68D756DC21AD4E15005C0A5B /* Base */ = {isa = PBXFileReference; lastKnownFileType = file.storyboard; name = Base; path = Base.lproj/Main.storyboard; sourceTree = "<group>"; };
		68D756DE21AD4E16005C0A5B /* Assets.xcassets */ = {isa = PBXFileReference; lastKnownFileType = folder.assetcatalog; path = Assets.xcassets; sourceTree = "<group>"; };
		68D756E121AD4E16005C0A5B /* Base */ = {isa = PBXFileReference; lastKnownFileType = file.storyboard; name = Base; path = Base.lproj/LaunchScreen.storyboard; sourceTree = "<group>"; };
		68D756E321AD4E16005C0A5B /* Info.plist */ = {isa = PBXFileReference; lastKnownFileType = text.plist.xml; path = Info.plist; sourceTree = "<group>"; };
		68D756EC21AD56CE005C0A5B /* User.swift */ = {isa = PBXFileReference; lastKnownFileType = sourcecode.swift; path = User.swift; sourceTree = "<group>"; };
		68D756EE21AD8A81005C0A5B /* SignUpViewController.swift */ = {isa = PBXFileReference; lastKnownFileType = sourcecode.swift; path = SignUpViewController.swift; sourceTree = "<group>"; };
		68D756F021AD9D61005C0A5B /* ResetPasswordViewController.swift */ = {isa = PBXFileReference; lastKnownFileType = sourcecode.swift; path = ResetPasswordViewController.swift; sourceTree = "<group>"; };
		D18B697E587059E73FAD7491 /* Pods-Parlour.release.xcconfig */ = {isa = PBXFileReference; includeInIndex = 1; lastKnownFileType = text.xcconfig; name = "Pods-Parlour.release.xcconfig"; path = "Pods/Target Support Files/Pods-Parlour/Pods-Parlour.release.xcconfig"; sourceTree = "<group>"; };
/* End PBXFileReference section */

/* Begin PBXFrameworksBuildPhase section */
		68D756D121AD4E15005C0A5B /* Frameworks */ = {
			isa = PBXFrameworksBuildPhase;
			buildActionMask = 2147483647;
			files = (
				6083AB1CC334846CDB65ED19 /* Pods_Parlour.framework in Frameworks */,
			);
			runOnlyForDeploymentPostprocessing = 0;
		};
/* End PBXFrameworksBuildPhase section */

/* Begin PBXGroup section */
		6828C78921AFC79500BE14CC /* View */ = {
			isa = PBXGroup;
			children = (
				68D756DB21AD4E15005C0A5B /* Main.storyboard */,
			);
			path = View;
			sourceTree = "<group>";
		};
		6828C78A21AFC7C400BE14CC /* Model */ = {
			isa = PBXGroup;
			children = (
				68D756EC21AD56CE005C0A5B /* User.swift */,
				6828C79321B12E6B00BE14CC /* YouTubeVideoQuality.swift */,
				6828C7B021BF942E00BE14CC /* ErrorHandle.swift */,
				6828C7B221BF975500BE14CC /* UserManager.swift */,
				6828C7AE21BE6EF900BE14CC /* Video.swift */,
				6828C7BF21C0F7A800BE14CC /* VideoControl.swift */,
				6828C7BD21C0E49400BE14CC /* VideoManager.swift */,
			);
			path = Model;
			sourceTree = "<group>";
		};
		6828C78D21AFD67C00BE14CC /* Controller */ = {
			isa = PBXGroup;
			children = (
				6828C79121B1159600BE14CC /* ParlourViewController.swift */,
				6828C79921B4E5CB00BE14CC /* VideoMainCollectionViewCell.swift */,
				6828C79A21B4E5CB00BE14CC /* VideoMainCollectionViewCell.xib */,
			);
			path = Controller;
			sourceTree = "<group>";
		};
		6828C79F21B541F900BE14CC /* Chat */ = {
			isa = PBXGroup;
			children = (
				6828C78721AFC75E00BE14CC /* Message.swift */,
				6828C7A921B84BE500BE14CC /* Channel.swift */,
				6828C79D21B502E500BE14CC /* ChatRoomViewController.swift */,
				6828C7A521B677A900BE14CC /* ChatViewController.swift */,
			);
			path = Chat;
			sourceTree = "<group>";
		};
		6828C7A221B64DF800BE14CC /* Extentions */ = {
			isa = PBXGroup;
			children = (
				6828C7A321B64E2A00BE14CC /* UICollectionView+Additions.swift */,
			);
			path = Extentions;
			sourceTree = "<group>";
		};
		6828C7AD21BE432C00BE14CC /* Test */ = {
			isa = PBXGroup;
			children = (
				6828C7AB21BD341600BE14CC /* MyChatViewController.swift */,
			);
			path = Test;
			sourceTree = "<group>";
		};
		6828C7B821C0C5AC00BE14CC /* HomePage */ = {
			isa = PBXGroup;
			children = (
				6828C7B621C0C51100BE14CC /* HomePageTableViewController.swift */,
				6828C7B921C0C61D00BE14CC /* MainVideoTableViewCell.swift */,
				6828C7BA21C0C61D00BE14CC /* MainVideoTableViewCell.xib */,
				6828C7C121C11C6500BE14CC /* PopularVideoTableViewCell.swift */,
				6828C7C221C11C6500BE14CC /* PopularVideoTableViewCell.xib */,
				6828C7C521C15A3100BE14CC /* PopularVideoCollectionViewCell.swift */,
				6828C7C621C15A3100BE14CC /* PopularVideoCollectionViewCell.xib */,
			);
			path = HomePage;
			sourceTree = "<group>";
		};
		6854832321C2D84E00C6FC0A /* VideoPlayPage */ = {
			isa = PBXGroup;
			children = (
				6854832421C2D89300C6FC0A /* VideoPlayTableViewController.swift */,
				6854832621C2E20F00C6FC0A /* VideoPlayTableViewCell.swift */,
				6854832721C2E20F00C6FC0A /* VideoPlayTableViewCell.xib */,
			);
			path = VideoPlayPage;
			sourceTree = "<group>";
		};
		68D756CB21AD4E15005C0A5B = {
			isa = PBXGroup;
			children = (
				68D756D621AD4E15005C0A5B /* Parlour */,
				68D756D521AD4E15005C0A5B /* Products */,
				EC0FE478280670636369171B /* Pods */,
				D0ED0F73DBBC645418240E4F /* Frameworks */,
			);
			sourceTree = "<group>";
		};
		68D756D521AD4E15005C0A5B /* Products */ = {
			isa = PBXGroup;
			children = (
				68D756D421AD4E15005C0A5B /* Parlour.app */,
			);
			name = Products;
			sourceTree = "<group>";
		};
		68D756D621AD4E15005C0A5B /* Parlour */ = {
			isa = PBXGroup;
			children = (
				68D756D721AD4E15005C0A5B /* AppDelegate.swift */,
				6828C78A21AFC7C400BE14CC /* Model */,
				68D756EB21AD5687005C0A5B /* Login */,
				6828C78D21AFD67C00BE14CC /* Controller */,
				6828C7B821C0C5AC00BE14CC /* HomePage */,
				6854832321C2D84E00C6FC0A /* VideoPlayPage */,
				6828C78921AFC79500BE14CC /* View */,
				6828C79F21B541F900BE14CC /* Chat */,
				6828C7AD21BE432C00BE14CC /* Test */,
				6828C7A221B64DF800BE14CC /* Extentions */,
				68D756DE21AD4E16005C0A5B /* Assets.xcassets */,
				68D756E021AD4E16005C0A5B /* LaunchScreen.storyboard */,
				68D756E321AD4E16005C0A5B /* Info.plist */,
				6828C78E21AFE53000BE14CC /* GoogleService-Info.plist */,
			);
			path = Parlour;
			sourceTree = "<group>";
		};
		68D756EB21AD5687005C0A5B /* Login */ = {
			isa = PBXGroup;
			children = (
				68D756D921AD4E15005C0A5B /* LoginViewController.swift */,
				68D756EE21AD8A81005C0A5B /* SignUpViewController.swift */,
				68D756F021AD9D61005C0A5B /* ResetPasswordViewController.swift */,
			);
			path = Login;
			sourceTree = "<group>";
		};
		D0ED0F73DBBC645418240E4F /* Frameworks */ = {
			isa = PBXGroup;
			children = (
				56BF9C30FEDC5BB58D5769A0 /* Pods_Parlour.framework */,
			);
			name = Frameworks;
			sourceTree = "<group>";
		};
		EC0FE478280670636369171B /* Pods */ = {
			isa = PBXGroup;
			children = (
				2DB410208F97761A4ED92513 /* Pods-Parlour.debug.xcconfig */,
				D18B697E587059E73FAD7491 /* Pods-Parlour.release.xcconfig */,
			);
			name = Pods;
			sourceTree = "<group>";
		};
/* End PBXGroup section */

/* Begin PBXNativeTarget section */
		68D756D321AD4E15005C0A5B /* Parlour */ = {
			isa = PBXNativeTarget;
			buildConfigurationList = 68D756E621AD4E16005C0A5B /* Build configuration list for PBXNativeTarget "Parlour" */;
			buildPhases = (
				0D32D028B191DD77E5BD4E48 /* [CP] Check Pods Manifest.lock */,
				68D756D021AD4E15005C0A5B /* Sources */,
				68D756D121AD4E15005C0A5B /* Frameworks */,
				68D756D221AD4E15005C0A5B /* Resources */,
				A8671434B6E48104F08FF23B /* [CP] Embed Pods Frameworks */,
				6828C79021AFF3F700BE14CC /* ShellScript */,
			);
			buildRules = (
			);
			dependencies = (
			);
			name = Parlour;
			productName = Parlour;
			productReference = 68D756D421AD4E15005C0A5B /* Parlour.app */;
			productType = "com.apple.product-type.application";
		};
/* End PBXNativeTarget section */

/* Begin PBXProject section */
		68D756CC21AD4E15005C0A5B /* Project object */ = {
			isa = PBXProject;
			attributes = {
				LastSwiftUpdateCheck = 1010;
				LastUpgradeCheck = 1010;
				ORGANIZATIONNAME = "Ron Yi";
				TargetAttributes = {
					68D756D321AD4E15005C0A5B = {
						CreatedOnToolsVersion = 10.1;
					};
				};
			};
			buildConfigurationList = 68D756CF21AD4E15005C0A5B /* Build configuration list for PBXProject "Parlour" */;
			compatibilityVersion = "Xcode 9.3";
			developmentRegion = en;
			hasScannedForEncodings = 0;
			knownRegions = (
				en,
				Base,
			);
			mainGroup = 68D756CB21AD4E15005C0A5B;
			productRefGroup = 68D756D521AD4E15005C0A5B /* Products */;
			projectDirPath = "";
			projectRoot = "";
			targets = (
				68D756D321AD4E15005C0A5B /* Parlour */,
			);
		};
/* End PBXProject section */

/* Begin PBXResourcesBuildPhase section */
		68D756D221AD4E15005C0A5B /* Resources */ = {
			isa = PBXResourcesBuildPhase;
			buildActionMask = 2147483647;
			files = (
				6828C7BC21C0C61D00BE14CC /* MainVideoTableViewCell.xib in Resources */,
				6854832921C2E20F00C6FC0A /* VideoPlayTableViewCell.xib in Resources */,
				6828C78F21AFE53000BE14CC /* GoogleService-Info.plist in Resources */,
				6828C79C21B4E5CC00BE14CC /* VideoMainCollectionViewCell.xib in Resources */,
				68D756E221AD4E16005C0A5B /* LaunchScreen.storyboard in Resources */,
				6828C7C821C15A3100BE14CC /* PopularVideoCollectionViewCell.xib in Resources */,
				68D756DF21AD4E16005C0A5B /* Assets.xcassets in Resources */,
				6828C7C421C11C6500BE14CC /* PopularVideoTableViewCell.xib in Resources */,
				68D756DD21AD4E15005C0A5B /* Main.storyboard in Resources */,
			);
			runOnlyForDeploymentPostprocessing = 0;
		};
/* End PBXResourcesBuildPhase section */

/* Begin PBXShellScriptBuildPhase section */
		0D32D028B191DD77E5BD4E48 /* [CP] Check Pods Manifest.lock */ = {
			isa = PBXShellScriptBuildPhase;
			buildActionMask = 2147483647;
			files = (
			);
			inputPaths = (
				"${PODS_PODFILE_DIR_PATH}/Podfile.lock",
				"${PODS_ROOT}/Manifest.lock",
			);
			name = "[CP] Check Pods Manifest.lock";
			outputPaths = (
				"$(DERIVED_FILE_DIR)/Pods-Parlour-checkManifestLockResult.txt",
			);
			runOnlyForDeploymentPostprocessing = 0;
			shellPath = /bin/sh;
			shellScript = "diff \"${PODS_PODFILE_DIR_PATH}/Podfile.lock\" \"${PODS_ROOT}/Manifest.lock\" > /dev/null\nif [ $? != 0 ] ; then\n    # print error to STDERR\n    echo \"error: The sandbox is not in sync with the Podfile.lock. Run 'pod install' or update your CocoaPods installation.\" >&2\n    exit 1\nfi\n# This output is used by Xcode 'outputs' to avoid re-running this script phase.\necho \"SUCCESS\" > \"${SCRIPT_OUTPUT_FILE_0}\"\n";
			showEnvVarsInLog = 0;
		};
		6828C79021AFF3F700BE14CC /* ShellScript */ = {
			isa = PBXShellScriptBuildPhase;
			buildActionMask = 2147483647;
			files = (
			);
			inputPaths = (
			);
			outputPaths = (
			);
			runOnlyForDeploymentPostprocessing = 0;
			shellPath = /bin/sh;
			shellScript = "if which swiftlint >/dev/null; then\nswiftlint\nelse\necho \"warning: SwiftLint not installed, download from https://github.com/realm/SwiftLint\"\nfi\n";
		};
		A8671434B6E48104F08FF23B /* [CP] Embed Pods Frameworks */ = {
			isa = PBXShellScriptBuildPhase;
			buildActionMask = 2147483647;
			files = (
			);
			inputPaths = (
				"${SRCROOT}/Pods/Target Support Files/Pods-Parlour/Pods-Parlour-frameworks.sh",
				"${BUILT_PRODUCTS_DIR}/GTMSessionFetcher/GTMSessionFetcher.framework",
				"${BUILT_PRODUCTS_DIR}/GoogleUtilities/GoogleUtilities.framework",
				"${BUILT_PRODUCTS_DIR}/JGProgressHUD/JGProgressHUD.framework",
				"${BUILT_PRODUCTS_DIR}/MessageInputBar/MessageInputBar.framework",
				"${BUILT_PRODUCTS_DIR}/MessageKit/MessageKit.framework",
				"${BUILT_PRODUCTS_DIR}/XCDYouTubeKit/XCDYouTubeKit.framework",
				"${BUILT_PRODUCTS_DIR}/leveldb-library/leveldb.framework",
				"${BUILT_PRODUCTS_DIR}/nanopb/nanopb.framework",
			);
			name = "[CP] Embed Pods Frameworks";
			outputPaths = (
				"${TARGET_BUILD_DIR}/${FRAMEWORKS_FOLDER_PATH}/GTMSessionFetcher.framework",
				"${TARGET_BUILD_DIR}/${FRAMEWORKS_FOLDER_PATH}/GoogleUtilities.framework",
				"${TARGET_BUILD_DIR}/${FRAMEWORKS_FOLDER_PATH}/JGProgressHUD.framework",
				"${TARGET_BUILD_DIR}/${FRAMEWORKS_FOLDER_PATH}/MessageInputBar.framework",
				"${TARGET_BUILD_DIR}/${FRAMEWORKS_FOLDER_PATH}/MessageKit.framework",
				"${TARGET_BUILD_DIR}/${FRAMEWORKS_FOLDER_PATH}/XCDYouTubeKit.framework",
				"${TARGET_BUILD_DIR}/${FRAMEWORKS_FOLDER_PATH}/leveldb.framework",
				"${TARGET_BUILD_DIR}/${FRAMEWORKS_FOLDER_PATH}/nanopb.framework",
			);
			runOnlyForDeploymentPostprocessing = 0;
			shellPath = /bin/sh;
			shellScript = "\"${SRCROOT}/Pods/Target Support Files/Pods-Parlour/Pods-Parlour-frameworks.sh\"\n";
			showEnvVarsInLog = 0;
		};
/* End PBXShellScriptBuildPhase section */

/* Begin PBXSourcesBuildPhase section */
		68D756D021AD4E15005C0A5B /* Sources */ = {
			isa = PBXSourcesBuildPhase;
			buildActionMask = 2147483647;
			files = (
				6828C7C721C15A3100BE14CC /* PopularVideoCollectionViewCell.swift in Sources */,
				6828C7B321BF975500BE14CC /* UserManager.swift in Sources */,
				68D756DA21AD4E15005C0A5B /* LoginViewController.swift in Sources */,
				6828C7B721C0C51100BE14CC /* HomePageTableViewController.swift in Sources */,
				6828C7AA21B84BE500BE14CC /* Channel.swift in Sources */,
				6854832521C2D89300C6FC0A /* VideoPlayTableViewController.swift in Sources */,
				6828C7C321C11C6500BE14CC /* PopularVideoTableViewCell.swift in Sources */,
				6828C79B21B4E5CC00BE14CC /* VideoMainCollectionViewCell.swift in Sources */,
				6828C7C021C0F7A800BE14CC /* VideoControl.swift in Sources */,
				6854832821C2E20F00C6FC0A /* VideoPlayTableViewCell.swift in Sources */,
				6828C78821AFC75E00BE14CC /* Message.swift in Sources */,
				6828C7B121BF942E00BE14CC /* ErrorHandle.swift in Sources */,
				6828C79421B12E6B00BE14CC /* YouTubeVideoQuality.swift in Sources */,
				6828C7A621B677A900BE14CC /* ChatViewController.swift in Sources */,
				6828C79221B1159600BE14CC /* ParlourViewController.swift in Sources */,
				6828C7AC21BD341600BE14CC /* MyChatViewController.swift in Sources */,
				68D756D821AD4E15005C0A5B /* AppDelegate.swift in Sources */,
				68D756F121AD9D61005C0A5B /* ResetPasswordViewController.swift in Sources */,
				6828C7A421B64E2B00BE14CC /* UICollectionView+Additions.swift in Sources */,
				68D756EF21AD8A81005C0A5B /* SignUpViewController.swift in Sources */,
				68D756ED21AD56CE005C0A5B /* User.swift in Sources */,
				6828C7AF21BE6EF900BE14CC /* Video.swift in Sources */,
				6828C7BE21C0E49400BE14CC /* VideoManager.swift in Sources */,
				6828C7BB21C0C61D00BE14CC /* MainVideoTableViewCell.swift in Sources */,
				6828C79E21B502E500BE14CC /* ChatRoomViewController.swift in Sources */,
			);
			runOnlyForDeploymentPostprocessing = 0;
		};
/* End PBXSourcesBuildPhase section */

/* Begin PBXVariantGroup section */
		68D756DB21AD4E15005C0A5B /* Main.storyboard */ = {
			isa = PBXVariantGroup;
			children = (
				68D756DC21AD4E15005C0A5B /* Base */,
			);
			name = Main.storyboard;
			sourceTree = "<group>";
		};
		68D756E021AD4E16005C0A5B /* LaunchScreen.storyboard */ = {
			isa = PBXVariantGroup;
			children = (
				68D756E121AD4E16005C0A5B /* Base */,
			);
			name = LaunchScreen.storyboard;
			sourceTree = "<group>";
		};
/* End PBXVariantGroup section */

/* Begin XCBuildConfiguration section */
		68D756E421AD4E16005C0A5B /* Debug */ = {
			isa = XCBuildConfiguration;
			buildSettings = {
				ALWAYS_SEARCH_USER_PATHS = NO;
				CLANG_ANALYZER_NONNULL = YES;
				CLANG_ANALYZER_NUMBER_OBJECT_CONVERSION = YES_AGGRESSIVE;
				CLANG_CXX_LANGUAGE_STANDARD = "gnu++14";
				CLANG_CXX_LIBRARY = "libc++";
				CLANG_ENABLE_MODULES = YES;
				CLANG_ENABLE_OBJC_ARC = YES;
				CLANG_ENABLE_OBJC_WEAK = YES;
				CLANG_WARN_BLOCK_CAPTURE_AUTORELEASING = YES;
				CLANG_WARN_BOOL_CONVERSION = YES;
				CLANG_WARN_COMMA = YES;
				CLANG_WARN_CONSTANT_CONVERSION = YES;
				CLANG_WARN_DEPRECATED_OBJC_IMPLEMENTATIONS = YES;
				CLANG_WARN_DIRECT_OBJC_ISA_USAGE = YES_ERROR;
				CLANG_WARN_DOCUMENTATION_COMMENTS = YES;
				CLANG_WARN_EMPTY_BODY = YES;
				CLANG_WARN_ENUM_CONVERSION = YES;
				CLANG_WARN_INFINITE_RECURSION = YES;
				CLANG_WARN_INT_CONVERSION = YES;
				CLANG_WARN_NON_LITERAL_NULL_CONVERSION = YES;
				CLANG_WARN_OBJC_IMPLICIT_RETAIN_SELF = YES;
				CLANG_WARN_OBJC_LITERAL_CONVERSION = YES;
				CLANG_WARN_OBJC_ROOT_CLASS = YES_ERROR;
				CLANG_WARN_RANGE_LOOP_ANALYSIS = YES;
				CLANG_WARN_STRICT_PROTOTYPES = YES;
				CLANG_WARN_SUSPICIOUS_MOVE = YES;
				CLANG_WARN_UNGUARDED_AVAILABILITY = YES_AGGRESSIVE;
				CLANG_WARN_UNREACHABLE_CODE = YES;
				CLANG_WARN__DUPLICATE_METHOD_MATCH = YES;
				CODE_SIGN_IDENTITY = "iPhone Developer";
				COPY_PHASE_STRIP = NO;
				DEBUG_INFORMATION_FORMAT = dwarf;
				ENABLE_STRICT_OBJC_MSGSEND = YES;
				ENABLE_TESTABILITY = YES;
				GCC_C_LANGUAGE_STANDARD = gnu11;
				GCC_DYNAMIC_NO_PIC = NO;
				GCC_NO_COMMON_BLOCKS = YES;
				GCC_OPTIMIZATION_LEVEL = 0;
				GCC_PREPROCESSOR_DEFINITIONS = (
					"DEBUG=1",
					"$(inherited)",
				);
				GCC_WARN_64_TO_32_BIT_CONVERSION = YES;
				GCC_WARN_ABOUT_RETURN_TYPE = YES_ERROR;
				GCC_WARN_UNDECLARED_SELECTOR = YES;
				GCC_WARN_UNINITIALIZED_AUTOS = YES_AGGRESSIVE;
				GCC_WARN_UNUSED_FUNCTION = YES;
				GCC_WARN_UNUSED_VARIABLE = YES;
				IPHONEOS_DEPLOYMENT_TARGET = 12.1;
				MTL_ENABLE_DEBUG_INFO = INCLUDE_SOURCE;
				MTL_FAST_MATH = YES;
				ONLY_ACTIVE_ARCH = YES;
				SDKROOT = iphoneos;
				SWIFT_ACTIVE_COMPILATION_CONDITIONS = DEBUG;
				SWIFT_OPTIMIZATION_LEVEL = "-Onone";
			};
			name = Debug;
		};
		68D756E521AD4E16005C0A5B /* Release */ = {
			isa = XCBuildConfiguration;
			buildSettings = {
				ALWAYS_SEARCH_USER_PATHS = NO;
				CLANG_ANALYZER_NONNULL = YES;
				CLANG_ANALYZER_NUMBER_OBJECT_CONVERSION = YES_AGGRESSIVE;
				CLANG_CXX_LANGUAGE_STANDARD = "gnu++14";
				CLANG_CXX_LIBRARY = "libc++";
				CLANG_ENABLE_MODULES = YES;
				CLANG_ENABLE_OBJC_ARC = YES;
				CLANG_ENABLE_OBJC_WEAK = YES;
				CLANG_WARN_BLOCK_CAPTURE_AUTORELEASING = YES;
				CLANG_WARN_BOOL_CONVERSION = YES;
				CLANG_WARN_COMMA = YES;
				CLANG_WARN_CONSTANT_CONVERSION = YES;
				CLANG_WARN_DEPRECATED_OBJC_IMPLEMENTATIONS = YES;
				CLANG_WARN_DIRECT_OBJC_ISA_USAGE = YES_ERROR;
				CLANG_WARN_DOCUMENTATION_COMMENTS = YES;
				CLANG_WARN_EMPTY_BODY = YES;
				CLANG_WARN_ENUM_CONVERSION = YES;
				CLANG_WARN_INFINITE_RECURSION = YES;
				CLANG_WARN_INT_CONVERSION = YES;
				CLANG_WARN_NON_LITERAL_NULL_CONVERSION = YES;
				CLANG_WARN_OBJC_IMPLICIT_RETAIN_SELF = YES;
				CLANG_WARN_OBJC_LITERAL_CONVERSION = YES;
				CLANG_WARN_OBJC_ROOT_CLASS = YES_ERROR;
				CLANG_WARN_RANGE_LOOP_ANALYSIS = YES;
				CLANG_WARN_STRICT_PROTOTYPES = YES;
				CLANG_WARN_SUSPICIOUS_MOVE = YES;
				CLANG_WARN_UNGUARDED_AVAILABILITY = YES_AGGRESSIVE;
				CLANG_WARN_UNREACHABLE_CODE = YES;
				CLANG_WARN__DUPLICATE_METHOD_MATCH = YES;
				CODE_SIGN_IDENTITY = "iPhone Developer";
				COPY_PHASE_STRIP = NO;
				DEBUG_INFORMATION_FORMAT = "dwarf-with-dsym";
				ENABLE_NS_ASSERTIONS = NO;
				ENABLE_STRICT_OBJC_MSGSEND = YES;
				GCC_C_LANGUAGE_STANDARD = gnu11;
				GCC_NO_COMMON_BLOCKS = YES;
				GCC_WARN_64_TO_32_BIT_CONVERSION = YES;
				GCC_WARN_ABOUT_RETURN_TYPE = YES_ERROR;
				GCC_WARN_UNDECLARED_SELECTOR = YES;
				GCC_WARN_UNINITIALIZED_AUTOS = YES_AGGRESSIVE;
				GCC_WARN_UNUSED_FUNCTION = YES;
				GCC_WARN_UNUSED_VARIABLE = YES;
				IPHONEOS_DEPLOYMENT_TARGET = 12.1;
				MTL_ENABLE_DEBUG_INFO = NO;
				MTL_FAST_MATH = YES;
				SDKROOT = iphoneos;
				SWIFT_COMPILATION_MODE = wholemodule;
				SWIFT_OPTIMIZATION_LEVEL = "-O";
				VALIDATE_PRODUCT = YES;
			};
			name = Release;
		};
		68D756E721AD4E16005C0A5B /* Debug */ = {
			isa = XCBuildConfiguration;
			baseConfigurationReference = 2DB410208F97761A4ED92513 /* Pods-Parlour.debug.xcconfig */;
			buildSettings = {
				ASSETCATALOG_COMPILER_APPICON_NAME = AppIcon;
				CODE_SIGN_STYLE = Automatic;
				DEVELOPMENT_TEAM = CK2N9YKQ3S;
				INFOPLIST_FILE = Parlour/Info.plist;
				IPHONEOS_DEPLOYMENT_TARGET = 11.0;
				LD_RUNPATH_SEARCH_PATHS = (
					"$(inherited)",
					"@executable_path/Frameworks",
				);
				PRODUCT_BUNDLE_IDENTIFIER = com.YiRon.Parlour;
				PRODUCT_NAME = "$(TARGET_NAME)";
				SWIFT_VERSION = 4.2;
				TARGETED_DEVICE_FAMILY = "1,2";
			};
			name = Debug;
		};
		68D756E821AD4E16005C0A5B /* Release */ = {
			isa = XCBuildConfiguration;
			baseConfigurationReference = D18B697E587059E73FAD7491 /* Pods-Parlour.release.xcconfig */;
			buildSettings = {
				ASSETCATALOG_COMPILER_APPICON_NAME = AppIcon;
				CODE_SIGN_STYLE = Automatic;
				DEVELOPMENT_TEAM = CK2N9YKQ3S;
				INFOPLIST_FILE = Parlour/Info.plist;
				IPHONEOS_DEPLOYMENT_TARGET = 11.0;
				LD_RUNPATH_SEARCH_PATHS = (
					"$(inherited)",
					"@executable_path/Frameworks",
				);
				PRODUCT_BUNDLE_IDENTIFIER = com.YiRon.Parlour;
				PRODUCT_NAME = "$(TARGET_NAME)";
				SWIFT_VERSION = 4.2;
				TARGETED_DEVICE_FAMILY = "1,2";
			};
			name = Release;
		};
/* End XCBuildConfiguration section */

/* Begin XCConfigurationList section */
		68D756CF21AD4E15005C0A5B /* Build configuration list for PBXProject "Parlour" */ = {
			isa = XCConfigurationList;
			buildConfigurations = (
				68D756E421AD4E16005C0A5B /* Debug */,
				68D756E521AD4E16005C0A5B /* Release */,
			);
			defaultConfigurationIsVisible = 0;
			defaultConfigurationName = Release;
		};
		68D756E621AD4E16005C0A5B /* Build configuration list for PBXNativeTarget "Parlour" */ = {
			isa = XCConfigurationList;
			buildConfigurations = (
				68D756E721AD4E16005C0A5B /* Debug */,
				68D756E821AD4E16005C0A5B /* Release */,
			);
			defaultConfigurationIsVisible = 0;
			defaultConfigurationName = Release;
		};
/* End XCConfigurationList section */
	};
	rootObject = 68D756CC21AD4E15005C0A5B /* Project object */;
}
